
Microsoft Visual Studio Solution File, Format Version 12.00
# Visual Studio Version 17
VisualStudioVersion = 17.7.34221.43
MinimumVisualStudioVersion = 10.0.40219.1
Project("{9A19103F-16F7-4668-BE54-9A1E7A4F7556}") = "api1", "api1\api1\api1.csproj", "{BC716329-91D1-478E-BFE3-F9DE43507A14}"
EndProject
Project("{9A19103F-16F7-4668-BE54-9A1E7A4F7556}") = "API2", "API2\API2\API2.csproj", "{80F7BFD6-3960-40D5-8392-DE322B1631F7}"
EndProject
Project("{9A19103F-16F7-4668-BE54-9A1E7A4F7556}") = "Gateway", "Gateway\Gateway\Gateway.csproj", "{B3BF911A-D2B3-4443-9262-EF6E58199C04}"
EndProject
Project("{9A19103F-16F7-4668-BE54-9A1E7A4F7556}") = "BuscarReciclaveis", "BuscarReciclaveis\BuscarReciclaveis.csproj", "{BFC0E833-9254-4436-B930-F638C7745E1C}"
EndProject
Global
	GlobalSection(SolutionConfigurationPlatforms) = preSolution
		Debug|Any CPU = Debug|Any CPU
		Release|Any CPU = Release|Any CPU
	EndGlobalSection
	GlobalSection(ProjectConfigurationPlatforms) = postSolution
		{BC716329-91D1-478E-BFE3-F9DE43507A14}.Debug|Any CPU.ActiveCfg = Debug|Any CPU
		{BC716329-91D1-478E-BFE3-F9DE43507A14}.Debug|Any CPU.Build.0 = Debug|Any CPU
		{BC716329-91D1-478E-BFE3-F9DE43507A14}.Release|Any CPU.ActiveCfg = Release|Any CPU
		{BC716329-91D1-478E-BFE3-F9DE43507A14}.Release|Any CPU.Build.0 = Release|Any CPU
		{80F7BFD6-3960-40D5-8392-DE322B1631F7}.Debug|Any CPU.ActiveCfg = Debug|Any CPU
		{80F7BFD6-3960-40D5-8392-DE322B1631F7}.Debug|Any CPU.Build.0 = Debug|Any CPU
		{80F7BFD6-3960-40D5-8392-DE322B1631F7}.Release|Any CPU.ActiveCfg = Release|Any CPU
		{80F7BFD6-3960-40D5-8392-DE322B1631F7}.Release|Any CPU.Build.0 = Release|Any CPU
		{B3BF911A-D2B3-4443-9262-EF6E58199C04}.Debug|Any CPU.ActiveCfg = Debug|Any CPU
		{B3BF911A-D2B3-4443-9262-EF6E58199C04}.Debug|Any CPU.Build.0 = Debug|Any CPU
		{B3BF911A-D2B3-4443-9262-EF6E58199C04}.Release|Any CPU.ActiveCfg = Release|Any CPU
		{B3BF911A-D2B3-4443-9262-EF6E58199C04}.Release|Any CPU.Build.0 = Release|Any CPU
		{BFC0E833-9254-4436-B930-F638C7745E1C}.Debug|Any CPU.ActiveCfg = Debug|Any CPU
		{BFC0E833-9254-4436-B930-F638C7745E1C}.Debug|Any CPU.Build.0 = Debug|Any CPU
		{BFC0E833-9254-4436-B930-F638C7745E1C}.Release|Any CPU.ActiveCfg = Release|Any CPU
		{BFC0E833-9254-4436-B930-F638C7745E1C}.Release|Any CPU.Build.0 = Release|Any CPU
	EndGlobalSection
	GlobalSection(SolutionProperties) = preSolution
		HideSolutionNode = FALSE
	EndGlobalSection
	GlobalSection(ExtensibilityGlobals) = postSolution
		SolutionGuid = {8725055F-8CB1-4C2B-B642-1D5819BBE80C}
	EndGlobalSection
EndGlobal
