
Microsoft Visual Studio Solution File, Format Version 12.00
# Visual Studio Version 17
VisualStudioVersion = 17.7.34221.43
MinimumVisualStudioVersion = 10.0.40219.1
Project("{9A19103F-16F7-4668-BE54-9A1E7A4F7556}") = "api1", "api1\api1\api1.csproj", "{42313AC1-88E7-4FB8-A142-B3DCD01E5E8F}"
EndProject
Project("{9A19103F-16F7-4668-BE54-9A1E7A4F7556}") = "API2", "API2\API2\API2.csproj", "{D781DC39-7ABA-4507-AE91-59AC0F7D1F54}"
EndProject
Project("{9A19103F-16F7-4668-BE54-9A1E7A4F7556}") = "Gateway", "Gateway\Gateway\Gateway.csproj", "{421DC454-7554-4908-A11F-084DA68BBA8F}"
EndProject
Global
	GlobalSection(SolutionConfigurationPlatforms) = preSolution
		Debug|Any CPU = Debug|Any CPU
		Release|Any CPU = Release|Any CPU
	EndGlobalSection
	GlobalSection(ProjectConfigurationPlatforms) = postSolution
		{42313AC1-88E7-4FB8-A142-B3DCD01E5E8F}.Debug|Any CPU.ActiveCfg = Debug|Any CPU
		{42313AC1-88E7-4FB8-A142-B3DCD01E5E8F}.Debug|Any CPU.Build.0 = Debug|Any CPU
		{42313AC1-88E7-4FB8-A142-B3DCD01E5E8F}.Release|Any CPU.ActiveCfg = Release|Any CPU
		{42313AC1-88E7-4FB8-A142-B3DCD01E5E8F}.Release|Any CPU.Build.0 = Release|Any CPU
		{D781DC39-7ABA-4507-AE91-59AC0F7D1F54}.Debug|Any CPU.ActiveCfg = Debug|Any CPU
		{D781DC39-7ABA-4507-AE91-59AC0F7D1F54}.Debug|Any CPU.Build.0 = Debug|Any CPU
		{D781DC39-7ABA-4507-AE91-59AC0F7D1F54}.Release|Any CPU.ActiveCfg = Release|Any CPU
		{D781DC39-7ABA-4507-AE91-59AC0F7D1F54}.Release|Any CPU.Build.0 = Release|Any CPU
		{421DC454-7554-4908-A11F-084DA68BBA8F}.Debug|Any CPU.ActiveCfg = Debug|Any CPU
		{421DC454-7554-4908-A11F-084DA68BBA8F}.Debug|Any CPU.Build.0 = Debug|Any CPU
		{421DC454-7554-4908-A11F-084DA68BBA8F}.Release|Any CPU.ActiveCfg = Release|Any CPU
		{421DC454-7554-4908-A11F-084DA68BBA8F}.Release|Any CPU.Build.0 = Release|Any CPU
	EndGlobalSection
	GlobalSection(SolutionProperties) = preSolution
		HideSolutionNode = FALSE
	EndGlobalSection
	GlobalSection(ExtensibilityGlobals) = postSolution
		SolutionGuid = {A71D9F22-E0B1-4064-86AF-098448E658F5}
	EndGlobalSection
EndGlobal
