
Microsoft Visual Studio Solution File, Format Version 12.00
# Visual Studio Version 17
VisualStudioVersion = 17.7.34221.43
MinimumVisualStudioVersion = 10.0.40219.1
Project("{FAE04EC0-301F-11D3-BF4B-00C04F79EFBC}") = "GoogleIntegracao", "GoogleIntegracao\GoogleIntegracao.csproj", "{7C60F533-2C96-426C-80CA-4A5A154DEE49}"
EndProject
Global
	GlobalSection(SolutionConfigurationPlatforms) = preSolution
		Debug|Any CPU = Debug|Any CPU
		Release|Any CPU = Release|Any CPU
	EndGlobalSection
	GlobalSection(ProjectConfigurationPlatforms) = postSolution
		{7C60F533-2C96-426C-80CA-4A5A154DEE49}.Debug|Any CPU.ActiveCfg = Debug|Any CPU
		{7C60F533-2C96-426C-80CA-4A5A154DEE49}.Debug|Any CPU.Build.0 = Debug|Any CPU
		{7C60F533-2C96-426C-80CA-4A5A154DEE49}.Release|Any CPU.ActiveCfg = Release|Any CPU
		{7C60F533-2C96-426C-80CA-4A5A154DEE49}.Release|Any CPU.Build.0 = Release|Any CPU
	EndGlobalSection
	GlobalSection(SolutionProperties) = preSolution
		HideSolutionNode = FALSE
	EndGlobalSection
	GlobalSection(ExtensibilityGlobals) = postSolution
		SolutionGuid = {679A230C-72BA-45C8-8E24-6DDB1AA64E48}
	EndGlobalSection
EndGlobal
