
Microsoft Visual Studio Solution File, Format Version 12.00
# Visual Studio Version 17
VisualStudioVersion = 17.7.34221.43
MinimumVisualStudioVersion = 10.0.40219.1
Project("{9A19103F-16F7-4668-BE54-9A1E7A4F7556}") = "BuscarLocais", "BuscarLocais.csproj", "{1AB992A8-9D3C-489D-A3DC-A80BC742115C}"
EndProject
Global
	GlobalSection(SolutionConfigurationPlatforms) = preSolution
		Debug|Any CPU = Debug|Any CPU
		Release|Any CPU = Release|Any CPU
	EndGlobalSection
	GlobalSection(ProjectConfigurationPlatforms) = postSolution
		{1AB992A8-9D3C-489D-A3DC-A80BC742115C}.Debug|Any CPU.ActiveCfg = Debug|Any CPU
		{1AB992A8-9D3C-489D-A3DC-A80BC742115C}.Debug|Any CPU.Build.0 = Debug|Any CPU
		{1AB992A8-9D3C-489D-A3DC-A80BC742115C}.Release|Any CPU.ActiveCfg = Release|Any CPU
		{1AB992A8-9D3C-489D-A3DC-A80BC742115C}.Release|Any CPU.Build.0 = Release|Any CPU
	EndGlobalSection
	GlobalSection(SolutionProperties) = preSolution
		HideSolutionNode = FALSE
	EndGlobalSection
	GlobalSection(ExtensibilityGlobals) = postSolution
		SolutionGuid = {32FA177E-A921-48BB-AFB0-1929168C74C5}
	EndGlobalSection
EndGlobal
